
Microsoft Visual Studio Solution File, Format Version 12.00
# Visual Studio Version 16
VisualStudioVersion = 16.0.809.6
MinimumVisualStudioVersion = 10.0.40219.1
Project("{FAE04EC0-301F-11D3-BF4B-00C04F79EFBC}") = "TimerInListView.Android", "TimerInListView.Android\TimerInListView.Android.csproj", "{0E061642-FEE5-4ACD-8E26-7370BD860A26}"
EndProject
Project("{FAE04EC0-301F-11D3-BF4B-00C04F79EFBC}") = "TimerInListView.iOS", "TimerInListView.iOS\TimerInListView.iOS.csproj", "{661C995E-D182-4E48-B1CF-E4B1DD40D8C2}"
EndProject
Project("{FAE04EC0-301F-11D3-BF4B-00C04F79EFBC}") = "TimerInListView", "TimerInListView\TimerInListView.csproj", "{098B9644-70CB-45BA-A40F-773E155D0480}"
EndProject
Global
	GlobalSection(SolutionConfigurationPlatforms) = preSolution
		Debug|Any CPU = Debug|Any CPU
		Release|Any CPU = Release|Any CPU
		Debug|iPhoneSimulator = Debug|iPhoneSimulator
		Release|iPhoneSimulator = Release|iPhoneSimulator
		Debug|iPhone = Debug|iPhone
		Release|iPhone = Release|iPhone
	EndGlobalSection
	GlobalSection(ProjectConfigurationPlatforms) = postSolution
		{0E061642-FEE5-4ACD-8E26-7370BD860A26}.Debug|Any CPU.ActiveCfg = Debug|Any CPU
		{0E061642-FEE5-4ACD-8E26-7370BD860A26}.Debug|Any CPU.Build.0 = Debug|Any CPU
		{0E061642-FEE5-4ACD-8E26-7370BD860A26}.Release|Any CPU.ActiveCfg = Release|Any CPU
		{0E061642-FEE5-4ACD-8E26-7370BD860A26}.Release|Any CPU.Build.0 = Release|Any CPU
		{0E061642-FEE5-4ACD-8E26-7370BD860A26}.Debug|iPhoneSimulator.ActiveCfg = Debug|Any CPU
		{0E061642-FEE5-4ACD-8E26-7370BD860A26}.Debug|iPhoneSimulator.Build.0 = Debug|Any CPU
		{0E061642-FEE5-4ACD-8E26-7370BD860A26}.Release|iPhoneSimulator.ActiveCfg = Release|Any CPU
		{0E061642-FEE5-4ACD-8E26-7370BD860A26}.Release|iPhoneSimulator.Build.0 = Release|Any CPU
		{0E061642-FEE5-4ACD-8E26-7370BD860A26}.Debug|iPhone.ActiveCfg = Debug|Any CPU
		{0E061642-FEE5-4ACD-8E26-7370BD860A26}.Debug|iPhone.Build.0 = Debug|Any CPU
		{0E061642-FEE5-4ACD-8E26-7370BD860A26}.Release|iPhone.ActiveCfg = Release|Any CPU
		{0E061642-FEE5-4ACD-8E26-7370BD860A26}.Release|iPhone.Build.0 = Release|Any CPU
		{661C995E-D182-4E48-B1CF-E4B1DD40D8C2}.Debug|Any CPU.ActiveCfg = Debug|iPhoneSimulator
		{661C995E-D182-4E48-B1CF-E4B1DD40D8C2}.Debug|Any CPU.Build.0 = Debug|iPhoneSimulator
		{661C995E-D182-4E48-B1CF-E4B1DD40D8C2}.Release|Any CPU.ActiveCfg = Release|iPhoneSimulator
		{661C995E-D182-4E48-B1CF-E4B1DD40D8C2}.Release|Any CPU.Build.0 = Release|iPhoneSimulator
		{661C995E-D182-4E48-B1CF-E4B1DD40D8C2}.Debug|iPhoneSimulator.ActiveCfg = Debug|iPhoneSimulator
		{661C995E-D182-4E48-B1CF-E4B1DD40D8C2}.Debug|iPhoneSimulator.Build.0 = Debug|iPhoneSimulator
		{661C995E-D182-4E48-B1CF-E4B1DD40D8C2}.Release|iPhoneSimulator.ActiveCfg = Release|iPhoneSimulator
		{661C995E-D182-4E48-B1CF-E4B1DD40D8C2}.Release|iPhoneSimulator.Build.0 = Release|iPhoneSimulator
		{661C995E-D182-4E48-B1CF-E4B1DD40D8C2}.Debug|iPhone.ActiveCfg = Debug|iPhone
		{661C995E-D182-4E48-B1CF-E4B1DD40D8C2}.Debug|iPhone.Build.0 = Debug|iPhone
		{661C995E-D182-4E48-B1CF-E4B1DD40D8C2}.Release|iPhone.ActiveCfg = Release|iPhone
		{661C995E-D182-4E48-B1CF-E4B1DD40D8C2}.Release|iPhone.Build.0 = Release|iPhone
		{098B9644-70CB-45BA-A40F-773E155D0480}.Debug|Any CPU.ActiveCfg = Debug|Any CPU
		{098B9644-70CB-45BA-A40F-773E155D0480}.Debug|Any CPU.Build.0 = Debug|Any CPU
		{098B9644-70CB-45BA-A40F-773E155D0480}.Release|Any CPU.ActiveCfg = Release|Any CPU
		{098B9644-70CB-45BA-A40F-773E155D0480}.Release|Any CPU.Build.0 = Release|Any CPU
		{098B9644-70CB-45BA-A40F-773E155D0480}.Debug|iPhoneSimulator.ActiveCfg = Debug|Any CPU
		{098B9644-70CB-45BA-A40F-773E155D0480}.Debug|iPhoneSimulator.Build.0 = Debug|Any CPU
		{098B9644-70CB-45BA-A40F-773E155D0480}.Release|iPhoneSimulator.ActiveCfg = Release|Any CPU
		{098B9644-70CB-45BA-A40F-773E155D0480}.Release|iPhoneSimulator.Build.0 = Release|Any CPU
		{098B9644-70CB-45BA-A40F-773E155D0480}.Debug|iPhone.ActiveCfg = Debug|Any CPU
		{098B9644-70CB-45BA-A40F-773E155D0480}.Debug|iPhone.Build.0 = Debug|Any CPU
		{098B9644-70CB-45BA-A40F-773E155D0480}.Release|iPhone.ActiveCfg = Release|Any CPU
		{098B9644-70CB-45BA-A40F-773E155D0480}.Release|iPhone.Build.0 = Release|Any CPU
	EndGlobalSection
	GlobalSection(SolutionProperties) = preSolution
		HideSolutionNode = FALSE
	EndGlobalSection
	GlobalSection(ExtensibilityGlobals) = postSolution
		SolutionGuid = {7CFB086E-DD78-4973-9903-B3348FAED3E0}
	EndGlobalSection
EndGlobal
